schema: '2.0'
stages:
  ingest:
    cmd: python -m src.pipeline --mode ingest
    deps:
    - path: data/raw/X_test.csv
      hash: md5
      md5: b03e9f214bd27c98ecd772cc8b990623
      size: 57856660
    - path: data/raw/X_train.csv
      hash: md5
      md5: bfa8e8243379d1636f84bdcb427b744d
      size: 329723647
    - path: data/raw/y_train.csv
      hash: md5
      md5: 587cc6585d35747e844aeab2f9ef1c31
      size: 5592658
    - path: src/data/load_data.py
      hash: md5
      md5: 80c9c04ad9452e16c86dd769aad4766f
      size: 3281
    - path: src/db.py
      hash: md5
      md5: 2065345d9761cfec9da806147dc6ce0c
      size: 6411
    - path: src/pipeline.py
      hash: md5
      md5: 28c1585ee46eb9cac8f3cf98557f25e7
      size: 5969
    outs:
    - path: db/rakuten_colors.db
      hash: md5
      md5: 59bcf953a88ae4a61387ccf9dee4139f
      size: 529719296
  train:
    cmd: python -m src.models.train_model_ice_mk
    deps:
    - path: data/images
      hash: md5
      md5: 8aeac5c7b6431a78b26b6301ef9c13b8.dir
      size: 3179271883
      nfiles: 249470
    - path: db/rakuten_colors.db
      hash: md5
      md5: 6de6d6f9620c8c26a0b889ac78923b97
      size: 529719296
    - path: src/config.py
      hash: md5
      md5: c0b80e9dddc034dbadab58f9029be85e
      size: 7964
    - path: src/models/train_model_ice_mk.py
      hash: md5
      md5: a9c2c0def5253534b9cf6fbd44f1e01e
      size: 35532
    params:
      params.yaml:
        ICE_CONFIG:
          batch_size: 128
          db_train: train
          encoder_lr: 2e-05
          es_patience: 3
          learning_rate: 0.003
          max_epochs: 1
          max_len: 128
          predict_split: val
          text_model_id: cl-tohoku/bert-base-japanese-v3
          train_threshold: 0.5
          unfreeze_layers: 2
          val_ratio: 0.1
          val_threshold: 0.5
          vision_model_id: openai/clip-vit-base-patch16
    outs:
    - path: models/color_model_best.pth
      hash: md5
      md5: aedfabad3bf6a0528081e15513889e51
      size: 796643585
    - path: models/mlb.pkl
      hash: md5
      md5: 9101195720669b133351d39d093b2f94
      size: 541
    - path: models/y_pred_training.csv
      hash: md5
      md5: ae5a62219364ea5d43e6a45961aab5ec
      size: 1037340
  predict:
    cmd: python -m src.models.predict_model_ice_mk --split val
    deps:
    - path: db/rakuten_colors.db
      hash: md5
      md5: 6de6d6f9620c8c26a0b889ac78923b97
      size: 529719296
    - path: models/color_model_best.pth
      hash: md5
      md5: aedfabad3bf6a0528081e15513889e51
      size: 796643585
    - path: models/mlb.pkl
      hash: md5
      md5: 9101195720669b133351d39d093b2f94
      size: 541
    - path: src/models/predict_model_ice_mk.py
      hash: md5
      md5: 564d344d20a2f451849335884cf57f0c
      size: 7754
    outs:
    - path: reports/y_pred.csv
      hash: md5
      md5: d41d8cd98f00b204e9800998ecf8427e
      size: 0
  drift:
    cmd: python -m src.monitoring.drift
    deps:
    - path: models/y_pred_training.csv
      hash: md5
      md5: ae5a62219364ea5d43e6a45961aab5ec
      size: 1037340
    - path: reports/y_pred.csv
      hash: md5
      md5: d41d8cd98f00b204e9800998ecf8427e
      size: 0
    - path: src/monitoring/drift.py
      hash: md5
      md5: bf6c49c65e58885b086da717b356f1c0
      size: 2325
    outs:
    - path: reports/drift_report.html
      hash: md5
      md5: d41d8cd98f00b204e9800998ecf8427e
      size: 0
